
Microsoft Visual Studio Solution File, Format Version 12.00
# Visual Studio Version 17
VisualStudioVersion = 17.9.34622.214
MinimumVisualStudioVersion = 10.0.40219.1
Project("{FAE04EC0-301F-11D3-BF4B-00C04F79EFBC}") = "MVCFirstASP", "MVCFirstASP\MVCFirstASP.csproj", "{8910D5FE-A565-47DA-8D22-252DC85BC206}"
EndProject
Global
	GlobalSection(SolutionConfigurationPlatforms) = preSolution
		Debug|Any CPU = Debug|Any CPU
		Release|Any CPU = Release|Any CPU
	EndGlobalSection
	GlobalSection(ProjectConfigurationPlatforms) = postSolution
		{8910D5FE-A565-47DA-8D22-252DC85BC206}.Debug|Any CPU.ActiveCfg = Debug|Any CPU
		{8910D5FE-A565-47DA-8D22-252DC85BC206}.Debug|Any CPU.Build.0 = Debug|Any CPU
		{8910D5FE-A565-47DA-8D22-252DC85BC206}.Release|Any CPU.ActiveCfg = Release|Any CPU
		{8910D5FE-A565-47DA-8D22-252DC85BC206}.Release|Any CPU.Build.0 = Release|Any CPU
	EndGlobalSection
	GlobalSection(SolutionProperties) = preSolution
		HideSolutionNode = FALSE
	EndGlobalSection
	GlobalSection(ExtensibilityGlobals) = postSolution
		SolutionGuid = {FF7DDF73-2EC5-4882-8CC9-412BBCAC31D5}
	EndGlobalSection
EndGlobal
